
Microsoft Visual Studio Solution File, Format Version 12.00
# Visual Studio Version 17
VisualStudioVersion = 17.0.32014.148
MinimumVisualStudioVersion = 10.0.40219.1
Project("{FAE04EC0-301F-11D3-BF4B-00C04F79EFBC}") = "RumorMillGenerator", "RumorMillGenerator.csproj", "{2284635B-6881-4D2D-AA23-DBFEFC220E01}"
EndProject
Global
	GlobalSection(SolutionConfigurationPlatforms) = preSolution
		Debug|Any CPU = Debug|Any CPU
		Release|Any CPU = Release|Any CPU
	EndGlobalSection
	GlobalSection(ProjectConfigurationPlatforms) = postSolution
		{2284635B-6881-4D2D-AA23-DBFEFC220E01}.Debug|Any CPU.ActiveCfg = Debug|Any CPU
		{2284635B-6881-4D2D-AA23-DBFEFC220E01}.Debug|Any CPU.Build.0 = Debug|Any CPU
		{2284635B-6881-4D2D-AA23-DBFEFC220E01}.Release|Any CPU.ActiveCfg = Release|Any CPU
		{2284635B-6881-4D2D-AA23-DBFEFC220E01}.Release|Any CPU.Build.0 = Release|Any CPU
	EndGlobalSection
	GlobalSection(SolutionProperties) = preSolution
		HideSolutionNode = FALSE
	EndGlobalSection
	GlobalSection(ExtensibilityGlobals) = postSolution
		SolutionGuid = {90B154DB-A1D5-4557-A1FA-6580CF30A3C8}
	EndGlobalSection
EndGlobal
